{
  "name": "linkradar",
  "version": "1.0.0",
  "lockfileVersion": 2,
  "requires": true,
  "packages": {
    "": {
      "name": "linkradar",
      "version": "1.0.0",
      "dependencies": {
        "chrome-aws-lambda": "^10.1.0",
        "next": "13.4.10",
        "puppeteer-core": "^10.1.0",
        "react": "18.2.0",
        "react-dom": "18.2.0"
      }
    }
  },
  "dependencies": {
    "chrome-aws-lambda": {
      "version": "10.1.0",
      "resolved": "https://registry.npmjs.org/chrome-aws-lambda/-/chrome-aws-lambda-10.1.0.tgz",
      "integrity": "sha512-...",
      "requires": {}
    },
    "next": {
      "version": "13.4.10",
      "resolved": "https://registry.npmjs.org/next/-/next-13.4.10.tgz",
      "integrity": "sha512-...",
      "requires": {}
    },
    "puppeteer-core": {
      "version": "10.1.0",
      "resolved": "https://registry.npmjs.org/puppeteer-core/-/puppeteer-core-10.1.0.tgz",
      "integrity": "sha512-...",
      "requires": {}
    },
    "react": {
      "version": "18.2.0",
      "resolved": "https://registry.npmjs.org/react/-/react-18.2.0.tgz",
      "integrity": "sha512-...",
      "requires": {}
    },
    "react-dom": {
      "version": "18.2.0",
      "resolved": "https://registry.npmjs.org/react-dom/-/react-dom-18.2.0.tgz",
      "integrity": "sha512-...",
      "requires": {}
    }
  }
}
